
Microsoft Visual Studio Solution File, Format Version 12.00
# Visual Studio Version 17
VisualStudioVersion = 17.4.33110.190
MinimumVisualStudioVersion = 10.0.40219.1
Project("{FAE04EC0-301F-11D3-BF4B-00C04F79EFBC}") = "Composite", "DesignPatternsInDotNET\Composite.csproj", "{6903D810-17D6-4C3E-9D8C-7FF0A86A1269}"
EndProject
Global
	GlobalSection(SolutionConfigurationPlatforms) = preSolution
		Debug|Any CPU = Debug|Any CPU
		Release|Any CPU = Release|Any CPU
	EndGlobalSection
	GlobalSection(ProjectConfigurationPlatforms) = postSolution
		{6903D810-17D6-4C3E-9D8C-7FF0A86A1269}.Debug|Any CPU.ActiveCfg = Debug|Any CPU
		{6903D810-17D6-4C3E-9D8C-7FF0A86A1269}.Debug|Any CPU.Build.0 = Debug|Any CPU
		{6903D810-17D6-4C3E-9D8C-7FF0A86A1269}.Release|Any CPU.ActiveCfg = Release|Any CPU
		{6903D810-17D6-4C3E-9D8C-7FF0A86A1269}.Release|Any CPU.Build.0 = Release|Any CPU
	EndGlobalSection
	GlobalSection(SolutionProperties) = preSolution
		HideSolutionNode = FALSE
	EndGlobalSection
	GlobalSection(ExtensibilityGlobals) = postSolution
		SolutionGuid = {7C141DF3-0BAE-4029-A4D9-3BB225EA44F9}
	EndGlobalSection
EndGlobal
